{
  "name": "feelm-contract-tooling",
  "version": "0.1.0",
  "lockfileVersion": 3,
  "requires": true,
  "packages": {
    "": {
      "name": "feelm-contract-tooling",
      "version": "0.1.0",
      "devDependencies": {
        "@hono/node-server": "2.1.1",
        "@redocly/cli": "2.49.0",
        "@scalar/mock-server": "0.13.0",
        "yaml": "2.9.0"
      },
      "engines": {
        "node": ">=22 <23"
      }
    },
    "node_modules/@babel/helper-string-parser": {
      "version": "7.29.7",
      "resolved": "https://registry.npmjs.org/@babel/helper-string-parser/-/helper-string-parser-7.29.7.tgz",
      "integrity": "sha512-Pb5ijPrZ89GDH8223L4UP8i6QApWxs04RbPQJTeWDV0/keR2E36MeKnyr6LYmUUvqRRI+Iv87SuF1W6ErINzYw==",
      "dev": true,
      "license": "MIT",
      "engines": {
        "node": ">=6.9.0"
      }
    },
    "node_modules/@babel/helper-validator-identifier": {
      "version": "7.29.7",
      "resolved": "https://registry.npmjs.org/@babel/helper-validator-identifier/-/helper-validator-identifier-7.29.7.tgz",
      "integrity": "sha512-qehxGkRj55h/ff8EMaJ+cYhyaKlHIxqYDn682wQD7RNp9UujOQsHog2uS0r2vzr4pW+sXf90NeeayjcNaX3fFg==",
      "dev": true,
      "license": "MIT",
      "engines": {
        "node": ">=6.9.0"
      }
    },
    "node_modules/@babel/parser": {
      "version": "7.29.8",
      "resolved": "https://registry.npmjs.org/@babel/parser/-/parser-7.29.8.tgz",
      "integrity": "sha512-E8lTAYNB1KW+FH+VGJuZM1ioAx2E6oVlvQFRrf5P8ZZmsiJXYAD9vTFV7yyEURNzgh1dFqMZuO6tUwcARbqFCA==",
      "dev": true,
      "license": "MIT",
      "dependencies": {
        "@babel/types": "^7.29.8"
      },
      "bin": {
        "parser": "bin/babel-parser.js"
      },
      "engines": {
        "node": ">=6.0.0"
      }
    },
    "node_modules/@babel/types": {
      "version": "7.29.8",
      "resolved": "https://registry.npmjs.org/@babel/types/-/types-7.29.8.tgz",
      "integrity": "sha512-Vj1jF3cPfxg7OAfoI7QnVKLoILlm2JF9pnVHrX8qx7AHMiYWT+NDAA7jChlNgRS4WTLc/fD1lXLmPixluj+3Gg==",
      "dev": true,
      "license": "MIT",
      "dependencies": {
        "@babel/helper-string-parser": "^7.29.7",
        "@babel/helper-validator-identifier": "^7.29.7"
      },
      "engines": {
        "node": ">=6.9.0"
      }
    },
    "node_modules/@faker-js/faker": {
      "version": "10.4.0",
      "resolved": "https://registry.npmjs.org/@faker-js/faker/-/faker-10.4.0.tgz",
      "integrity": "sha512-sDBWI3yLy8EcDzgobvJTWq1MJYzAkQdpjXuPukga9wXonhpMRvd1Izuo2Qgwey2OiEoRIBr35RMU9HJRoOHzpw==",
      "dev": true,
      "funding": [
        {
          "type": "opencollective",
          "url": "https://opencollective.com/fakerjs"
        }
      ],
      "license": "MIT",
      "engines": {
        "node": "^20.19.0 || ^22.13.0 || ^23.5.0 || >=24.0.0",
        "npm": ">=10"
      }
    },
    "node_modules/@hono/node-server": {
      "version": "2.1.1",
      "resolved": "https://registry.npmjs.org/@hono/node-server/-/node-server-2.1.1.tgz",
      "integrity": "sha512-ELuehkj5VCBdgEw9zs+ivkKwyzzUCSQuE96YmiPvn1ECBoZCczbFXJLeEGMTYjphP6gydh4pHMqEYPVMYUVgQg==",
      "dev": true,
      "license": "MIT",
      "engines": {
        "node": ">=20"
      },
      "peerDependencies": {
        "hono": "^4"
      }
    },
    "node_modules/@jridgewell/sourcemap-codec": {
      "version": "1.6.0",
      "resolved": "https://registry.npmjs.org/@jridgewell/sourcemap-codec/-/sourcemap-codec-1.6.0.tgz",
      "integrity": "sha512-T7jf+5zgsZHwNJ4lvQ7/aezbyk0nNX+zJVWpmHA7VYsEx7a7qr5Rg5IbtJFqkgze5Y2sruq1RUY8Q837Od7iFw==",
      "dev": true,
      "license": "MIT"
    },
    "node_modules/@redocly/cli": {
      "version": "2.49.0",
      "resolved": "https://registry.npmjs.org/@redocly/cli/-/cli-2.49.0.tgz",
      "integrity": "sha512-87UuARXYrPIiHhd/UriamL4BApuPgB0E91coBtoPG6PK4giTwiuo3dI4RoyMGhsC7TwgAnL8PJuhCwGymgwbVA==",
      "dev": true,
      "license": "MIT",
      "bin": {
        "openapi": "bin/cli.js",
        "redocly": "bin/cli.js"
      },
      "engines": {
        "node": ">=22.12.0 || >=20.19.0 <21.0.0",
        "npm": ">=10"
      }
    },
    "node_modules/@scalar/asyncapi-upgrader": {
      "version": "0.1.8",
      "resolved": "https://registry.npmjs.org/@scalar/asyncapi-upgrader/-/asyncapi-upgrader-0.1.8.tgz",
      "integrity": "sha512-aotwerUUVKzvjgeyLseVIb93OHgwPYYUIOM/iUhQChhb7F24H5RhMrKVlQkQUhqWwvYue3mJOpT4or3zerFEiw==",
      "dev": true,
      "license": "MIT",
      "dependencies": {
        "@scalar/helpers": "0.11.2"
      },
      "engines": {
        "node": ">=22"
      }
    },
    "node_modules/@scalar/helpers": {
      "version": "0.11.2",
      "resolved": "https://registry.npmjs.org/@scalar/helpers/-/helpers-0.11.2.tgz",
      "integrity": "sha512-IgHW/hIj1XAvsPIBKiOgmK87qbyDjaQQg9S/auXU4MUtvnwKKpOeIOJc0NC71FkMdr4Mok0SSVI748cmlptoXQ==",
      "dev": true,
      "license": "MIT",
      "engines": {
        "node": ">=22"
      }
    },
    "node_modules/@scalar/json-magic": {
      "version": "0.13.3",
      "resolved": "https://registry.npmjs.org/@scalar/json-magic/-/json-magic-0.13.3.tgz",
      "integrity": "sha512-ONbveMHPl8ashCnTH/IzF2skr7CKUAC97m2tWQpbWJXhkUvc/B9vSRirjM0IqPCDURn4WZWAQFoaehDiEJICWA==",
      "dev": true,
      "license": "MIT",
      "dependencies": {
        "@scalar/helpers": "0.11.2",
        "pathe": "^2.0.3",
        "yaml": "^2.9.0"
      },
      "engines": {
        "node": ">=22"
      }
    },
    "node_modules/@scalar/mock-server": {
      "version": "0.13.0",
      "resolved": "https://registry.npmjs.org/@scalar/mock-server/-/mock-server-0.13.0.tgz",
      "integrity": "sha512-dAaQOOnfF3ij9IAh/7k7w9dCMiJFX6uCLZ+JaqQL0QXcMNsv+m/Xhkk7TV9tuRPddWwmnX6/3YVug1/gLEBrDw==",
      "dev": true,
      "license": "MIT",
      "dependencies": {
        "@faker-js/faker": "10.4.0",
        "@hono/node-ws": "^1.2.0",
        "@scalar/helpers": "0.11.2",
        "@scalar/json-magic": "0.13.3",
        "@scalar/openapi-types": "0.9.5",
        "@scalar/openapi-upgrader": "0.2.15",
        "@scalar/types": "0.18.3",
        "@scalar/workspace-store": "0.59.0",
        "ajv": "^8.20.0",
        "ajv-formats": "^3.0.1",
        "hono": "^4.12.7",
        "yaml": "^2.9.0"
      },
      "engines": {
        "node": ">=22"
      }
    },
    "node_modules/@scalar/mock-server/node_modules/@hono/node-server": {
      "version": "1.19.17",
      "resolved": "https://registry.npmjs.org/@hono/node-server/-/node-server-1.19.17.tgz",
      "integrity": "sha512-dSneS5qhiauZWGDCeK4o695Xd9nUNjviSZCMQrj10eetr8Uln1ucn6bbphOM6UynAMMtNIzZNSpL9vnASJwrPQ==",
      "dev": true,
      "license": "MIT",
      "peer": true,
      "engines": {
        "node": ">=18.14.1"
      },
      "peerDependencies": {
        "hono": "^4"
      }
    },
    "node_modules/@scalar/mock-server/node_modules/@hono/node-ws": {
      "version": "1.3.1",
      "resolved": "https://registry.npmjs.org/@hono/node-ws/-/node-ws-1.3.1.tgz",
      "integrity": "sha512-vo/MwCnpJAVHBkGzWjCJ28wF45fYHAfbPZcH2rodZODHtch2GHA94KtMfusmVycTUtsLAsaNsHhtY6P8X3RQsA==",
      "dev": true,
      "license": "MIT",
      "dependencies": {
        "ws": "^8.17.0"
      },
      "engines": {
        "node": ">=18.14.1"
      },
      "peerDependencies": {
        "@hono/node-server": "^1.19.11",
        "hono": "^4.6.0"
      }
    },
    "node_modules/@scalar/mock-server/node_modules/ajv-formats": {
      "version": "3.0.1",
      "resolved": "https://registry.npmjs.org/ajv-formats/-/ajv-formats-3.0.1.tgz",
      "integrity": "sha512-8iUql50EUR+uUcdRQ3HDqa6EVyo3docL8g5WJ3FNcWmu62IbkGUue/pEyLBW8VGKKucTPgqeks4fIU1DA4yowQ==",
      "dev": true,
      "license": "MIT",
      "dependencies": {
        "ajv": "^8.0.0"
      },
      "peerDependencies": {
        "ajv": "^8.0.0"
      },
      "peerDependenciesMeta": {
        "ajv": {
          "optional": true
        }
      }
    },
    "node_modules/@scalar/openapi-types": {
      "version": "0.9.5",
      "resolved": "https://registry.npmjs.org/@scalar/openapi-types/-/openapi-types-0.9.5.tgz",
      "integrity": "sha512-czrz/zkVm1oPzrpYo3hI/iymfiw1s4dgJiQtwNi2U77Sqf3EQOGKsif4VNRa5suWMYRuPaFx5EiFM1FNEV4Whg==",
      "dev": true,
      "license": "MIT",
      "engines": {
        "node": ">=22"
      }
    },
    "node_modules/@scalar/openapi-upgrader": {
      "version": "0.2.15",
      "resolved": "https://registry.npmjs.org/@scalar/openapi-upgrader/-/openapi-upgrader-0.2.15.tgz",
      "integrity": "sha512-yqROK9U96ElasEL4Wl/+PIjQZlqrQXVUUpXk9PA6xBnrp8KdEv7at8pR5gsZkvddJfYVwLILPlctyqUg4u4YZA==",
      "dev": true,
      "license": "MIT",
      "dependencies": {
        "@scalar/openapi-types": "0.9.5"
      },
      "engines": {
        "node": ">=22"
      }
    },
    "node_modules/@scalar/schemas": {
      "version": "0.8.4",
      "resolved": "https://registry.npmjs.org/@scalar/schemas/-/schemas-0.8.4.tgz",
      "integrity": "sha512-gbx/UjAswjJc+OZp/vcVRIopjqoJ62pOkrKLvVHa1MuMRoVxcPyNzW2/SQmnvdJku7C7a6PsKaPUQ6gZXGA4eg==",
      "dev": true,
      "license": "MIT",
      "dependencies": {
        "@scalar/helpers": "0.11.2",
        "@scalar/validation": "0.6.3"
      },
      "engines": {
        "node": ">=22"
      }
    },
    "node_modules/@scalar/snippetz": {
      "version": "0.9.29",
      "resolved": "https://registry.npmjs.org/@scalar/snippetz/-/snippetz-0.9.29.tgz",
      "integrity": "sha512-elv4AZWWY/v/f9g9QqQY2P3UekpRdpe1w0ECDCXNHvVBU2cherdU5FNnjiPYZOb52r3T2i92WVnXSFXh0CYSPw==",
      "dev": true,
      "license": "MIT",
      "dependencies": {
        "@scalar/helpers": "0.11.2",
        "@scalar/types": "0.18.3",
        "js-base64": "^3.9.2",
        "stringify-object": "^6.0.0"
      },
      "engines": {
        "node": ">=22"
      }
    },
    "node_modules/@scalar/typebox": {
      "version": "0.1.3",
      "resolved": "https://registry.npmjs.org/@scalar/typebox/-/typebox-0.1.3.tgz",
      "integrity": "sha512-lU055AUccECZMIfGA0z/C1StYmboAYIPJLDFBzOO81yXBi35Pxdq+I4fWX6iUZ8qcoHneiLGk9jAUM1rA93iEg==",
      "dev": true,
      "license": "MIT"
    },
    "node_modules/@scalar/types": {
      "version": "0.18.3",
      "resolved": "https://registry.npmjs.org/@scalar/types/-/types-0.18.3.tgz",
      "integrity": "sha512-hPLLxVt/ah4RpCVp5UrLEpnBEgTwf+RvPtRiSEty3QqfBJUfADMXHz+oWK6UAa/vALg2AWuJLCD8hRlyQ2ET9w==",
      "dev": true,
      "license": "MIT",
      "dependencies": {
        "@scalar/helpers": "0.11.2",
        "nanoid": "^5.1.6",
        "type-fest": "^5.8.0",
        "zod": "^4.4.3"
      },
      "engines": {
        "node": ">=22"
      }
    },
    "node_modules/@scalar/validation": {
      "version": "0.6.3",
      "resolved": "https://registry.npmjs.org/@scalar/validation/-/validation-0.6.3.tgz",
      "integrity": "sha512-j3s9XPv8Wo1EG5/naBi4XGF0uXYQ2A3QZNI0NKWgCMxRHVrDJGlZEYymcHDHY7fquRm73P8U3c8xqJqB5yad6w==",
      "dev": true,
      "license": "MIT",
      "engines": {
        "node": ">=20"
      }
    },
    "node_modules/@scalar/workspace-store": {
      "version": "0.59.0",
      "resolved": "https://registry.npmjs.org/@scalar/workspace-store/-/workspace-store-0.59.0.tgz",
      "integrity": "sha512-5/vMoUbOhNDj2azgnrXbatbthCKSt7eQOLwUp0Tua/mnouXcemJXNfMw+dBQHykSH0Ga8DjcA/hVxU0Xmaymdg==",
      "dev": true,
      "license": "MIT",
      "dependencies": {
        "@scalar/asyncapi-upgrader": "0.1.8",
        "@scalar/helpers": "0.11.2",
        "@scalar/json-magic": "0.13.3",
        "@scalar/openapi-upgrader": "0.2.15",
        "@scalar/schemas": "0.8.4",
        "@scalar/snippetz": "0.9.29",
        "@scalar/typebox": "0.1.3",
        "@scalar/types": "0.18.3",
        "@scalar/validation": "0.6.3",
        "js-base64": "^3.9.2",
        "type-fest": "^5.8.0",
        "vue": "^3.5.40",
        "yaml": "^2.9.0"
      },
      "engines": {
        "node": ">=22"
      }
    },
    "node_modules/@vue/compiler-core": {
      "version": "3.5.42",
      "resolved": "https://registry.npmjs.org/@vue/compiler-core/-/compiler-core-3.5.42.tgz",
      "integrity": "sha512-2Ye1ilMtKXxl8qZUrQ5j0CdgenFp/HFQmta6rfRyfEsTG69L6Wk+tWuNoHYHMx9E8tF2Slvdg1FuwDvAXdy1LQ==",
      "dev": true,
      "license": "MIT",
      "dependencies": {
        "@babel/parser": "^7.29.8",
        "@vue/shared": "3.5.42",
        "entities": "^7.0.1",
        "estree-walker": "^2.0.2",
        "source-map-js": "^1.2.1"
      }
    },
    "node_modules/@vue/compiler-dom": {
      "version": "3.5.42",
      "resolved": "https://registry.npmjs.org/@vue/compiler-dom/-/compiler-dom-3.5.42.tgz",
      "integrity": "sha512-qbhQZEFmycr+ni/qyuccS4sucNN7VAbDfbkvNxWOX2VfgFm90MNs3/UhRNKoPMEIVn0F8gdlYjLPvqxHwHeQOA==",
      "dev": true,
      "license": "MIT",
      "dependencies": {
        "@vue/compiler-core": "3.5.42",
        "@vue/shared": "3.5.42"
      }
    },
    "node_modules/@vue/compiler-sfc": {
      "version": "3.5.42",
      "resolved": "https://registry.npmjs.org/@vue/compiler-sfc/-/compiler-sfc-3.5.42.tgz",
      "integrity": "sha512-fkCAFB4okcAANGMThboWnScp/gzWjU0ZSkVnjTIiplmMDq2uq0tIB3j+xVu4rhv5rvOgBySCysudmbMd6xRRqw==",
      "dev": true,
      "license": "MIT",
      "dependencies": {
        "@babel/parser": "^7.29.8",
        "@vue/compiler-core": "3.5.42",
        "@vue/compiler-dom": "3.5.42",
        "@vue/compiler-ssr": "3.5.42",
        "@vue/shared": "3.5.42",
        "estree-walker": "^2.0.2",
        "magic-string": "^0.30.21",
        "postcss": "^8.5.19",
        "source-map-js": "^1.2.1"
      }
    },
    "node_modules/@vue/compiler-ssr": {
      "version": "3.5.42",
      "resolved": "https://registry.npmjs.org/@vue/compiler-ssr/-/compiler-ssr-3.5.42.tgz",
      "integrity": "sha512-xmLk3wLkbizPAiLyomjgFFosf2ys9b5Ghb+oh/k2tnvipNz8OFrQOiTcWCzyK7MpBp9KkyGtfvgfLUivbmuGYA==",
      "dev": true,
      "license": "MIT",
      "dependencies": {
        "@vue/compiler-dom": "3.5.42",
        "@vue/shared": "3.5.42"
      }
    },
    "node_modules/@vue/reactivity": {
      "version": "3.5.42",
      "resolved": "https://registry.npmjs.org/@vue/reactivity/-/reactivity-3.5.42.tgz",
      "integrity": "sha512-TzNNfKpb7hDxbQltwAut8VDQA5YP+BuRlxntHUuRjyKwlMvmAPbs3unhCvieijifY6vFfVBwsS7wG/C7uq+bEQ==",
      "dev": true,
      "license": "MIT",
      "dependencies": {
        "@vue/shared": "3.5.42"
      }
    },
    "node_modules/@vue/runtime-core": {
      "version": "3.5.42",
      "resolved": "https://registry.npmjs.org/@vue/runtime-core/-/runtime-core-3.5.42.tgz",
      "integrity": "sha512-9uACtuHs7vJGkm5Bp3xu4xRDLFTIYy5DgxpToVjqGIAhAEKwQfsaLvKINhM6nFVp6bZPRFGdDqd1g52MqKsotA==",
      "dev": true,
      "license": "MIT",
      "dependencies": {
        "@vue/reactivity": "3.5.42",
        "@vue/shared": "3.5.42"
      }
    },
    "node_modules/@vue/runtime-dom": {
      "version": "3.5.42",
      "resolved": "https://registry.npmjs.org/@vue/runtime-dom/-/runtime-dom-3.5.42.tgz",
      "integrity": "sha512-rsCmhiWLaRxGltLwhlCWyYkFn7WAbKRh0q17eZ1A6Dq6eqc2ACQ61IIryxz0LrsvCzHSilLA9JHovVwM8CNE2g==",
      "dev": true,
      "license": "MIT",
      "dependencies": {
        "@vue/reactivity": "3.5.42",
        "@vue/runtime-core": "3.5.42",
        "@vue/shared": "3.5.42",
        "csstype": "^3.2.3"
      }
    },
    "node_modules/@vue/server-renderer": {
      "version": "3.5.42",
      "resolved": "https://registry.npmjs.org/@vue/server-renderer/-/server-renderer-3.5.42.tgz",
      "integrity": "sha512-2++5dUyYS4gvo7xQXSECUDhB7TS0aOl5SeVfC5qSq1Jgfhjvegw1zqhwTIR3imZ+QYPJQw9gfcFvXGAjGZ7ajQ==",
      "dev": true,
      "license": "MIT",
      "dependencies": {
        "@vue/compiler-ssr": "3.5.42",
        "@vue/runtime-dom": "3.5.42",
        "@vue/shared": "3.5.42"
      }
    },
    "node_modules/@vue/shared": {
      "version": "3.5.42",
      "resolved": "https://registry.npmjs.org/@vue/shared/-/shared-3.5.42.tgz",
      "integrity": "sha512-2rPxex1jQf4jvl9MOHl6YaXCPcrNqz/FstMOEh3QWY+/OME9nQTvl9WYeCwhW7AFjaR0SnngZGlp/wkR6rkI6g==",
      "dev": true,
      "license": "MIT"
    },
    "node_modules/ajv": {
      "version": "8.20.0",
      "resolved": "https://registry.npmjs.org/ajv/-/ajv-8.20.0.tgz",
      "integrity": "sha512-Thbli+OlOj+iMPYFBVBfJ3OmCAnaSyNn4M1vz9T6Gka5Jt9ba/HIR56joy65tY6kx/FCF5VXNB819Y7/GUrBGA==",
      "dev": true,
      "license": "MIT",
      "dependencies": {
        "fast-deep-equal": "^3.1.3",
        "fast-uri": "^3.0.1",
        "json-schema-traverse": "^1.0.0",
        "require-from-string": "^2.0.2"
      },
      "funding": {
        "type": "github",
        "url": "https://github.com/sponsors/epoberezkin"
      }
    },
    "node_modules/convert-hrtime": {
      "version": "5.0.0",
      "resolved": "https://registry.npmjs.org/convert-hrtime/-/convert-hrtime-5.0.0.tgz",
      "integrity": "sha512-lOETlkIeYSJWcbbcvjRKGxVMXJR+8+OQb/mTPbA4ObPMytYIsUbuOE0Jzy60hjARYszq1id0j8KgVhC+WGZVTg==",
      "dev": true,
      "license": "MIT",
      "engines": {
        "node": ">=12"
      },
      "funding": {
        "url": "https://github.com/sponsors/sindresorhus"
      }
    },
    "node_modules/csstype": {
      "version": "3.2.3",
      "resolved": "https://registry.npmjs.org/csstype/-/csstype-3.2.3.tgz",
      "integrity": "sha512-z1HGKcYy2xA8AGQfwrn0PAy+PB7X/GSj3UVJW9qKyn43xWa+gl5nXmU4qqLMRzWVLFC8KusUX8T/0kCiOYpAIQ==",
      "dev": true,
      "license": "MIT"
    },
    "node_modules/entities": {
      "version": "7.0.1",
      "resolved": "https://registry.npmjs.org/entities/-/entities-7.0.1.tgz",
      "integrity": "sha512-TWrgLOFUQTH994YUyl1yT4uyavY5nNB5muff+RtWaqNVCAK408b5ZnnbNAUEWLTCpum9w6arT70i1XdQ4UeOPA==",
      "dev": true,
      "license": "BSD-2-Clause",
      "engines": {
        "node": ">=0.12"
      },
      "funding": {
        "url": "https://github.com/fb55/entities?sponsor=1"
      }
    },
    "node_modules/estree-walker": {
      "version": "2.0.2",
      "resolved": "https://registry.npmjs.org/estree-walker/-/estree-walker-2.0.2.tgz",
      "integrity": "sha512-Rfkk/Mp/DL7JVje3u18FxFujQlTNR2q6QfMSMB7AvCBx91NGj/ba3kCfza0f6dVDbw7YlRf/nDrn7pQrCCyQ/w==",
      "dev": true,
      "license": "MIT"
    },
    "node_modules/fast-deep-equal": {
      "version": "3.1.3",
      "resolved": "https://registry.npmjs.org/fast-deep-equal/-/fast-deep-equal-3.1.3.tgz",
      "integrity": "sha512-f3qQ9oQy9j2AhBe/H9VC91wLmKBCCU/gDOnKNAYG5hswO7BLKj09Hc5HYNz9cGI++xlpDCIgDaitVs03ATR84Q==",
      "dev": true,
      "license": "MIT"
    },
    "node_modules/fast-uri": {
      "version": "3.1.6",
      "resolved": "https://registry.npmjs.org/fast-uri/-/fast-uri-3.1.6.tgz",
      "integrity": "sha512-7Ical1vFEMr0onbVzEDIreM22I4khW+fzyQPwvAFWBp1iwdshSZRsL4jjRvPG9JP1uiqMHRto+YU6R2/CzDz5Q==",
      "dev": true,
      "funding": [
        {
          "type": "github",
          "url": "https://github.com/sponsors/fastify"
        },
        {
          "type": "opencollective",
          "url": "https://opencollective.com/fastify"
        }
      ],
      "license": "BSD-3-Clause"
    },
    "node_modules/function-timeout": {
      "version": "1.0.2",
      "resolved": "https://registry.npmjs.org/function-timeout/-/function-timeout-1.0.2.tgz",
      "integrity": "sha512-939eZS4gJ3htTHAldmyyuzlrD58P03fHG49v2JfFXbV6OhvZKRC9j2yAtdHw/zrp2zXHuv05zMIy40F0ge7spA==",
      "dev": true,
      "license": "MIT",
      "engines": {
        "node": ">=18"
      },
      "funding": {
        "url": "https://github.com/sponsors/sindresorhus"
      }
    },
    "node_modules/get-own-enumerable-keys": {
      "version": "1.0.0",
      "resolved": "https://registry.npmjs.org/get-own-enumerable-keys/-/get-own-enumerable-keys-1.0.0.tgz",
      "integrity": "sha512-PKsK2FSrQCyxcGHsGrLDcK0lx+0Ke+6e8KFFozA9/fIQLhQzPaRvJFdcz7+Axg3jUH/Mq+NI4xa5u/UT2tQskA==",
      "dev": true,
      "license": "MIT",
      "engines": {
        "node": ">=14.16"
      },
      "funding": {
        "url": "https://github.com/sponsors/sindresorhus"
      }
    },
    "node_modules/hono": {
      "version": "4.13.5",
      "resolved": "https://registry.npmjs.org/hono/-/hono-4.13.5.tgz",
      "integrity": "sha512-O6+/eCYRkzzzy0rPWwKLiGBR1nFuUPZynnwjxN1MBA62NNqbT0wQEzQyK2gSO5yDIDB336sXQleAhOHrzlYyKw==",
      "dev": true,
      "license": "MIT",
      "engines": {
        "node": ">=16.9.0"
      }
    },
    "node_modules/identifier-regex": {
      "version": "1.1.0",
      "resolved": "https://registry.npmjs.org/identifier-regex/-/identifier-regex-1.1.0.tgz",
      "integrity": "sha512-SLX4H/vtcYlYnL7XqnuJKHU7Z8517TgsW9nmQiGOgMCjQ8V/deLYu6bEmbGoXe7WMMhc9+EUGyFFneHja8KabA==",
      "dev": true,
      "license": "MIT",
      "dependencies": {
        "reserved-identifiers": "^1.0.0"
      },
      "engines": {
        "node": ">=18"
      },
      "funding": {
        "url": "https://github.com/sponsors/sindresorhus"
      }
    },
    "node_modules/is-identifier": {
      "version": "1.1.0",
      "resolved": "https://registry.npmjs.org/is-identifier/-/is-identifier-1.1.0.tgz",
      "integrity": "sha512-NhOds0mDx9lJu+1lBRO0xbwFo5nobA7GCk/0e5xjr6+6XugX985+0OyGX35BNrTkPAsdLcIKg02HUQJOK8D8kw==",
      "dev": true,
      "license": "MIT",
      "dependencies": {
        "identifier-regex": "^1.1.0",
        "super-regex": "^1.1.0"
      },
      "engines": {
        "node": ">=18"
      },
      "funding": {
        "url": "https://github.com/sponsors/sindresorhus"
      }
    },
    "node_modules/is-obj": {
      "version": "3.0.0",
      "resolved": "https://registry.npmjs.org/is-obj/-/is-obj-3.0.0.tgz",
      "integrity": "sha512-IlsXEHOjtKhpN8r/tRFj2nDyTmHvcfNeu/nrRIcXE17ROeatXchkojffa1SpdqW4cr/Fj6QkEf/Gn4zf6KKvEQ==",
      "dev": true,
      "license": "MIT",
      "engines": {
        "node": ">=12"
      },
      "funding": {
        "url": "https://github.com/sponsors/sindresorhus"
      }
    },
    "node_modules/is-regexp": {
      "version": "3.1.0",
      "resolved": "https://registry.npmjs.org/is-regexp/-/is-regexp-3.1.0.tgz",
      "integrity": "sha512-rbku49cWloU5bSMI+zaRaXdQHXnthP6DZ/vLnfdSKyL4zUzuWnomtOEiZZOd+ioQ+avFo/qau3KPTc7Fjy1uPA==",
      "dev": true,
      "license": "MIT",
      "engines": {
        "node": ">=12"
      },
      "funding": {
        "url": "https://github.com/sponsors/sindresorhus"
      }
    },
    "node_modules/js-base64": {
      "version": "3.9.3",
      "resolved": "https://registry.npmjs.org/js-base64/-/js-base64-3.9.3.tgz",
      "integrity": "sha512-uwYQp+VJ38FVvtim6qNbit6e9uT6dwWQ4Y1+H9TxhW5hcHjpHwoxlR0nMpqUmIFOmu4VqMxwdJA88gIVuZJQ/g==",
      "dev": true,
      "license": "BSD-3-Clause"
    },
    "node_modules/json-schema-traverse": {
      "version": "1.0.0",
      "resolved": "https://registry.npmjs.org/json-schema-traverse/-/json-schema-traverse-1.0.0.tgz",
      "integrity": "sha512-NM8/P9n3XjXhIZn1lLhkFaACTOURQXjWhV4BA/RnOv8xvgqtqpAX9IO4mRQxSx1Rlo4tqzeqb0sOlruaOy3dug==",
      "dev": true,
      "license": "MIT"
    },
    "node_modules/magic-string": {
      "version": "0.30.21",
      "resolved": "https://registry.npmjs.org/magic-string/-/magic-string-0.30.21.tgz",
      "integrity": "sha512-vd2F4YUyEXKGcLHoq+TEyCjxueSeHnFxyyjNp80yg0XV4vUhnDer/lvvlqM/arB5bXQN5K2/3oinyCRyx8T2CQ==",
      "dev": true,
      "license": "MIT",
      "dependencies": {
        "@jridgewell/sourcemap-codec": "^1.5.5"
      }
    },
    "node_modules/make-asynchronous": {
      "version": "1.1.0",
      "resolved": "https://registry.npmjs.org/make-asynchronous/-/make-asynchronous-1.1.0.tgz",
      "integrity": "sha512-ayF7iT+44LXdxJLTrTd3TLQpFDDvPCBxXxbv+pMUSuHA5Q8zyAfwkRP6aHHwNVFBUFWtxAHqwNJxF8vMZLAbVg==",
      "dev": true,
      "license": "MIT",
      "dependencies": {
        "p-event": "^6.0.0",
        "type-fest": "^4.6.0",
        "web-worker": "^1.5.0"
      },
      "engines": {
        "node": ">=18"
      },
      "funding": {
        "url": "https://github.com/sponsors/sindresorhus"
      }
    },
    "node_modules/make-asynchronous/node_modules/type-fest": {
      "version": "4.41.0",
      "resolved": "https://registry.npmjs.org/type-fest/-/type-fest-4.41.0.tgz",
      "integrity": "sha512-TeTSQ6H5YHvpqVwBRcnLDCBnDOHWYu7IvGbHT6N8AOymcr9PJGjc1GTtiWZTYg0NCgYwvnYWEkVChQAr9bjfwA==",
      "dev": true,
      "license": "(MIT OR CC0-1.0)",
      "engines": {
        "node": ">=16"
      },
      "funding": {
        "url": "https://github.com/sponsors/sindresorhus"
      }
    },
    "node_modules/nanoid": {
      "version": "5.1.16",
      "resolved": "https://registry.npmjs.org/nanoid/-/nanoid-5.1.16.tgz",
      "integrity": "sha512-kVrnsrJqMR8+oLJnGEmSWw9BivK5mt7H3FZatVRjrc5wGqFYuBxX1yG7+A7Gi5AefkX6t/oCkizcQgpu0cY1dQ==",
      "dev": true,
      "funding": [
        {
          "type": "github",
          "url": "https://github.com/sponsors/ai"
        }
      ],
      "license": "MIT",
      "bin": {
        "nanoid": "bin/nanoid.js"
      },
      "engines": {
        "node": "^18 || >=20"
      }
    },
    "node_modules/p-event": {
      "version": "6.0.1",
      "resolved": "https://registry.npmjs.org/p-event/-/p-event-6.0.1.tgz",
      "integrity": "sha512-Q6Bekk5wpzW5qIyUP4gdMEujObYstZl6DMMOSenwBvV0BlE5LkDwkjs5yHbZmdCEq2o4RJx4tE1vwxFVf2FG1w==",
      "dev": true,
      "license": "MIT",
      "dependencies": {
        "p-timeout": "^6.1.2"
      },
      "engines": {
        "node": ">=16.17"
      },
      "funding": {
        "url": "https://github.com/sponsors/sindresorhus"
      }
    },
    "node_modules/p-timeout": {
      "version": "6.1.4",
      "resolved": "https://registry.npmjs.org/p-timeout/-/p-timeout-6.1.4.tgz",
      "integrity": "sha512-MyIV3ZA/PmyBN/ud8vV9XzwTrNtR4jFrObymZYnZqMmW0zA8Z17vnT0rBgFE/TlohB+YCHqXMgZzb3Csp49vqg==",
      "dev": true,
      "license": "MIT",
      "engines": {
        "node": ">=14.16"
      },
      "funding": {
        "url": "https://github.com/sponsors/sindresorhus"
      }
    },
    "node_modules/pathe": {
      "version": "2.0.3",
      "resolved": "https://registry.npmjs.org/pathe/-/pathe-2.0.3.tgz",
      "integrity": "sha512-WUjGcAqP1gQacoQe+OBJsFA7Ld4DyXuUIjZ5cc75cLHvJ7dtNsTugphxIADwspS+AraAUePCKrSVtPLFj/F88w==",
      "dev": true,
      "license": "MIT"
    },
    "node_modules/picocolors": {
      "version": "1.1.1",
      "resolved": "https://registry.npmjs.org/picocolors/-/picocolors-1.1.1.tgz",
      "integrity": "sha512-xceH2snhtb5M9liqDsmEw56le376mTZkEX/jEb/RxNFyegNul7eNslCXP9FDj/Lcu0X8KEyMceP2ntpaHrDEVA==",
      "dev": true,
      "license": "ISC"
    },
    "node_modules/postcss": {
      "version": "8.5.26",
      "resolved": "https://registry.npmjs.org/postcss/-/postcss-8.5.26.tgz",
      "integrity": "sha512-u82N74LFzG8ca+dD8puPnplTXoGH4fTPpVGuIbt36G3qvNlkvfD0lEAZSxaly3KX8TS/L1A1gsCEmvKmBcVbkQ==",
      "dev": true,
      "funding": [
        {
          "type": "opencollective",
          "url": "https://opencollective.com/postcss/"
        },
        {
          "type": "tidelift",
          "url": "https://tidelift.com/funding/github/npm/postcss"
        },
        {
          "type": "github",
          "url": "https://github.com/sponsors/ai"
        }
      ],
      "license": "MIT",
      "dependencies": {
        "nanoid": "^3.3.17",
        "picocolors": "^1.1.1",
        "source-map-js": "^1.2.1"
      },
      "engines": {
        "node": "^10 || ^12 || >=14"
      }
    },
    "node_modules/postcss/node_modules/nanoid": {
      "version": "3.3.18",
      "resolved": "https://registry.npmjs.org/nanoid/-/nanoid-3.3.18.tgz",
      "integrity": "sha512-DTg4MJbGMWkfi6VZFdNt2/caMbQy4Ou+Op/hJQvGEWcnVfoA1QA+xzRKAzw9jD6+GVOOeYr/mIcuDSdug6F6+w==",
      "dev": true,
      "funding": [
        {
          "type": "github",
          "url": "https://github.com/sponsors/ai"
        }
      ],
      "license": "MIT",
      "bin": {
        "nanoid": "bin/nanoid.cjs"
      },
      "engines": {
        "node": "^10 || ^12 || ^13.7 || ^14 || >=15.0.1"
      }
    },
    "node_modules/require-from-string": {
      "version": "2.0.2",
      "resolved": "https://registry.npmjs.org/require-from-string/-/require-from-string-2.0.2.tgz",
      "integrity": "sha512-Xf0nWe6RseziFMu+Ap9biiUbmplq6S9/p+7w7YXP/JBHhrUDDUhwa+vANyubuqfZWTveU//DYVGsDG7RKL/vEw==",
      "dev": true,
      "license": "MIT",
      "engines": {
        "node": ">=0.10.0"
      }
    },
    "node_modules/reserved-identifiers": {
      "version": "1.2.0",
      "resolved": "https://registry.npmjs.org/reserved-identifiers/-/reserved-identifiers-1.2.0.tgz",
      "integrity": "sha512-yE7KUfFvaBFzGPs5H3Ops1RevfUEsDc5Iz65rOwWg4lE8HJSYtle77uul3+573457oHvBKuHYDl/xqUkKpEEdw==",
      "dev": true,
      "license": "MIT",
      "engines": {
        "node": ">=18"
      },
      "funding": {
        "url": "https://github.com/sponsors/sindresorhus"
      }
    },
    "node_modules/source-map-js": {
      "version": "1.2.1",
      "resolved": "https://registry.npmjs.org/source-map-js/-/source-map-js-1.2.1.tgz",
      "integrity": "sha512-UXWMKhLOwVKb728IUtQPXxfYU+usdybtUrK/8uGE8CQMvrhOpwvzDBwj0QhSL7MQc7vIsISBG8VQ8+IDQxpfQA==",
      "dev": true,
      "license": "BSD-3-Clause",
      "engines": {
        "node": ">=0.10.0"
      }
    },
    "node_modules/stringify-object": {
      "version": "6.0.0",
      "resolved": "https://registry.npmjs.org/stringify-object/-/stringify-object-6.0.0.tgz",
      "integrity": "sha512-6f94vIED6vmJJfh3lyVsVWxCYSfI5uM+16ntED/Ql37XIyV6kj0mRAAiTeMMc/QLYIaizC3bUprQ8pQnDDrKfA==",
      "dev": true,
      "license": "BSD-2-Clause",
      "dependencies": {
        "get-own-enumerable-keys": "^1.0.0",
        "is-identifier": "^1.0.1",
        "is-obj": "^3.0.0",
        "is-regexp": "^3.1.0"
      },
      "engines": {
        "node": ">=20"
      },
      "funding": {
        "url": "https://github.com/sponsors/sindresorhus"
      }
    },
    "node_modules/super-regex": {
      "version": "1.1.0",
      "resolved": "https://registry.npmjs.org/super-regex/-/super-regex-1.1.0.tgz",
      "integrity": "sha512-WHkws2ZflZe41zj6AolvvmaTrWds/VuyeYr9iPVv/oQeaIoVxMKaushfFWpOGDT+GuBrM/sVqF8KUCYQlSSTdQ==",
      "dev": true,
      "license": "MIT",
      "dependencies": {
        "function-timeout": "^1.0.1",
        "make-asynchronous": "^1.0.1",
        "time-span": "^5.1.0"
      },
      "engines": {
        "node": ">=18"
      },
      "funding": {
        "url": "https://github.com/sponsors/sindresorhus"
      }
    },
    "node_modules/tagged-tag": {
      "version": "1.0.0",
      "resolved": "https://registry.npmjs.org/tagged-tag/-/tagged-tag-1.0.0.tgz",
      "integrity": "sha512-yEFYrVhod+hdNyx7g5Bnkkb0G6si8HJurOoOEgC8B/O0uXLHlaey/65KRv6cuWBNhBgHKAROVpc7QyYqE5gFng==",
      "dev": true,
      "license": "MIT",
      "engines": {
        "node": ">=20"
      },
      "funding": {
        "url": "https://github.com/sponsors/sindresorhus"
      }
    },
    "node_modules/time-span": {
      "version": "5.1.0",
      "resolved": "https://registry.npmjs.org/time-span/-/time-span-5.1.0.tgz",
      "integrity": "sha512-75voc/9G4rDIJleOo4jPvN4/YC4GRZrY8yy1uU4lwrB3XEQbWve8zXoO5No4eFrGcTAMYyoY67p8jRQdtA1HbA==",
      "dev": true,
      "license": "MIT",
      "dependencies": {
        "convert-hrtime": "^5.0.0"
      },
      "engines": {
        "node": ">=12"
      },
      "funding": {
        "url": "https://github.com/sponsors/sindresorhus"
      }
    },
    "node_modules/type-fest": {
      "version": "5.8.0",
      "resolved": "https://registry.npmjs.org/type-fest/-/type-fest-5.8.0.tgz",
      "integrity": "sha512-YGYEVz3Fm5iy/AybuA0oyNFq7H4CgQNfRp/qfe8nurE1kuCeNm3/vfm9X4Mtl+qLyaKJUh5xrFZwogr41SMjYA==",
      "dev": true,
      "license": "(MIT OR CC0-1.0)",
      "dependencies": {
        "tagged-tag": "^1.0.0"
      },
      "engines": {
        "node": ">=20"
      },
      "funding": {
        "url": "https://github.com/sponsors/sindresorhus"
      }
    },
    "node_modules/vue": {
      "version": "3.5.42",
      "resolved": "https://registry.npmjs.org/vue/-/vue-3.5.42.tgz",
      "integrity": "sha512-4RyHQTbQvOPs3MfvUO1Sg0YRrKNnA0mAVtvpd12Tg1fKDN7OHBUl1IqSn8zGJjK9nI3NkNp8cgTpVrSZC5TTcA==",
      "dev": true,
      "license": "MIT",
      "dependencies": {
        "@vue/compiler-dom": "3.5.42",
        "@vue/compiler-sfc": "3.5.42",
        "@vue/runtime-dom": "3.5.42",
        "@vue/server-renderer": "3.5.42",
        "@vue/shared": "3.5.42"
      },
      "peerDependencies": {
        "typescript": "*"
      },
      "peerDependenciesMeta": {
        "typescript": {
          "optional": true
        }
      }
    },
    "node_modules/web-worker": {
      "version": "1.5.0",
      "resolved": "https://registry.npmjs.org/web-worker/-/web-worker-1.5.0.tgz",
      "integrity": "sha512-RiMReJrTAiA+mBjGONMnjVDP2u3p9R1vkcGz6gDIrOMT3oGuYwX2WRMYI9ipkphSuE5XKEhydbhNEJh4NY9mlw==",
      "dev": true,
      "license": "Apache-2.0"
    },
    "node_modules/ws": {
      "version": "8.21.3",
      "resolved": "https://registry.npmjs.org/ws/-/ws-8.21.3.tgz",
      "integrity": "sha512-201TZ/kPWxoPr/OKWjquZR1SWKXcvxdH+e1xrx89b3YbmzLMFCLfnaG1HFIgWzJOEWZ7MvpK++odZufgYR50Rw==",
      "dev": true,
      "license": "MIT",
      "engines": {
        "node": ">=10.0.0"
      },
      "peerDependencies": {
        "bufferutil": "^4.0.1",
        "utf-8-validate": ">=5.0.2"
      },
      "peerDependenciesMeta": {
        "bufferutil": {
          "optional": true
        },
        "utf-8-validate": {
          "optional": true
        }
      }
    },
    "node_modules/yaml": {
      "version": "2.9.0",
      "resolved": "https://registry.npmjs.org/yaml/-/yaml-2.9.0.tgz",
      "integrity": "sha512-2AvhNX3mb8zd6Zy7INTtSpl1F15HW6Wnqj0srWlkKLcpYl/gMIMJiyuGq2KeI2YFxUPjdlB+3Lc10seMLtL4cA==",
      "dev": true,
      "license": "ISC",
      "bin": {
        "yaml": "bin.mjs"
      },
      "engines": {
        "node": ">= 14.6"
      },
      "funding": {
        "url": "https://github.com/sponsors/eemeli"
      }
    },
    "node_modules/zod": {
      "version": "4.5.2",
      "resolved": "https://registry.npmjs.org/zod/-/zod-4.5.2.tgz",
      "integrity": "sha512-XkYXCol10+ba/6F/cueWV+TezUeOqXW0hdeJt5CdXjTYeAgAQg5N03RQdJ80mhfFE72+pblvYMW4wy2Qp4Qbrg==",
      "dev": true,
      "license": "MIT",
      "funding": {
        "url": "https://github.com/sponsors/colinhacks"
      }
    }
  }
}
